
Microsoft Visual Studio Solution File, Format Version 12.00
# Visual Studio 14
VisualStudioVersion = 14.0.24720.0
MinimumVisualStudioVersion = 10.0.40219.1
Project("{2150E333-8FDC-42A3-9474-1A3956D46DE8}") = "src", "src", "{ADCE5034-4BCC-4659-BF32-302D5A32DCA7}"
EndProject
Project("{2150E333-8FDC-42A3-9474-1A3956D46DE8}") = "Solution Items", "Solution Items", "{7FC97DFA-923C-4E7A-906F-23B708BB283C}"
	ProjectSection(SolutionItems) = preProject
		global.json = global.json
	EndProjectSection
EndProject
Project("{8BB2217D-0F2D-49D1-97BC-3654ED321F3B}") = "epiphany", "src\epiphany\epiphany.xproj", "{FB788180-3A7A-45CC-872F-FD47C13E174F}"
EndProject
Global
	GlobalSection(SolutionConfigurationPlatforms) = preSolution
		Debug|Any CPU = Debug|Any CPU
		Release|Any CPU = Release|Any CPU
	EndGlobalSection
	GlobalSection(ProjectConfigurationPlatforms) = postSolution
		{FB788180-3A7A-45CC-872F-FD47C13E174F}.Debug|Any CPU.ActiveCfg = Debug|Any CPU
		{FB788180-3A7A-45CC-872F-FD47C13E174F}.Debug|Any CPU.Build.0 = Debug|Any CPU
		{FB788180-3A7A-45CC-872F-FD47C13E174F}.Release|Any CPU.ActiveCfg = Release|Any CPU
		{FB788180-3A7A-45CC-872F-FD47C13E174F}.Release|Any CPU.Build.0 = Release|Any CPU
	EndGlobalSection
	GlobalSection(SolutionProperties) = preSolution
		HideSolutionNode = FALSE
	EndGlobalSection
	GlobalSection(NestedProjects) = preSolution
		{FB788180-3A7A-45CC-872F-FD47C13E174F} = {ADCE5034-4BCC-4659-BF32-302D5A32DCA7}
	EndGlobalSection
EndGlobal
